
Microsoft Visual Studio Solution File, Format Version 12.00
# Visual Studio Version 17
VisualStudioVersion = 17.6.33712.159
MinimumVisualStudioVersion = 10.0.40219.1
Project("{8BC9CEB8-8B4A-11D0-8D11-00A0C91BC942}") = "DataStructuresAndAlgorithms", "DataStructuresAndAlgorithms\DataStructuresAndAlgorithms.vcxproj", "{66A718E7-75FD-4036-BF6E-5A84D0E9851A}"
EndProject
Global
	GlobalSection(SolutionConfigurationPlatforms) = preSolution
		Debug|x64 = Debug|x64
		Debug|x86 = Debug|x86
		Release|x64 = Release|x64
		Release|x86 = Release|x86
	EndGlobalSection
	GlobalSection(ProjectConfigurationPlatforms) = postSolution
		{66A718E7-75FD-4036-BF6E-5A84D0E9851A}.Debug|x64.ActiveCfg = Debug|x64
		{66A718E7-75FD-4036-BF6E-5A84D0E9851A}.Debug|x64.Build.0 = Debug|x64
		{66A718E7-75FD-4036-BF6E-5A84D0E9851A}.Debug|x86.ActiveCfg = Debug|Win32
		{66A718E7-75FD-4036-BF6E-5A84D0E9851A}.Debug|x86.Build.0 = Debug|Win32
		{66A718E7-75FD-4036-BF6E-5A84D0E9851A}.Release|x64.ActiveCfg = Release|x64
		{66A718E7-75FD-4036-BF6E-5A84D0E9851A}.Release|x64.Build.0 = Release|x64
		{66A718E7-75FD-4036-BF6E-5A84D0E9851A}.Release|x86.ActiveCfg = Release|Win32
		{66A718E7-75FD-4036-BF6E-5A84D0E9851A}.Release|x86.Build.0 = Release|Win32
	EndGlobalSection
	GlobalSection(SolutionProperties) = preSolution
		HideSolutionNode = FALSE
	EndGlobalSection
	GlobalSection(ExtensibilityGlobals) = postSolution
		SolutionGuid = {7DD9E493-27B0-4115-A6DF-040DB3CD1517}
	EndGlobalSection
EndGlobal
